
Microsoft Visual Studio Solution File, Format Version 12.00
# Visual Studio Version 17
VisualStudioVersion = 17.0.32112.339
MinimumVisualStudioVersion = 10.0.40219.1
Project("{FAE04EC0-301F-11D3-BF4B-00C04F79EFBC}") = "ClassLibrary", "ClassLibrary.csproj", "{41D33A86-7E3F-4493-88C3-75A3DFB24B46}"
EndProject
Global
	GlobalSection(SolutionConfigurationPlatforms) = preSolution
		Debug|Any CPU = Debug|Any CPU
		Release|Any CPU = Release|Any CPU
	EndGlobalSection
	GlobalSection(ProjectConfigurationPlatforms) = postSolution
		{41D33A86-7E3F-4493-88C3-75A3DFB24B46}.Debug|Any CPU.ActiveCfg = Debug|Any CPU
		{41D33A86-7E3F-4493-88C3-75A3DFB24B46}.Debug|Any CPU.Build.0 = Debug|Any CPU
		{41D33A86-7E3F-4493-88C3-75A3DFB24B46}.Release|Any CPU.ActiveCfg = Release|Any CPU
		{41D33A86-7E3F-4493-88C3-75A3DFB24B46}.Release|Any CPU.Build.0 = Release|Any CPU
	EndGlobalSection
	GlobalSection(SolutionProperties) = preSolution
		HideSolutionNode = FALSE
	EndGlobalSection
	GlobalSection(ExtensibilityGlobals) = postSolution
		SolutionGuid = {C8F3064C-63A0-415E-88A9-3923B25BCD75}
	EndGlobalSection
EndGlobal
